// !$*UTF8*$!
{
	archiveVersion = 1;
	classes = {
	};
	objectVersion = 46;
	objects = {

/* Begin PBXBuildFile section */
		FA6DA6F81BC8DE5E006BBA36 /* GeoDelta.h in Headers */ = {isa = PBXBuildFile; fileRef = FA6DA6F71BC8DE5E006BBA36 /* GeoDelta.h */; settings = {ATTRIBUTES = (Public, ); }; };
		FA6DA6FF1BC8DE5E006BBA36 /* GeoDelta.framework in Frameworks */ = {isa = PBXBuildFile; fileRef = FA6DA6F41BC8DE5E006BBA36 /* GeoDelta.framework */; settings = {ASSET_TAGS = (); }; };
		FA6DA7041BC8DE5E006BBA36 /* GeoDeltaTests.swift in Sources */ = {isa = PBXBuildFile; fileRef = FA6DA7031BC8DE5E006BBA36 /* GeoDeltaTests.swift */; };
		FA6DA70F1BC8E05B006BBA36 /* Quick.framework in Frameworks */ = {isa = PBXBuildFile; fileRef = FA6DA70E1BC8E05B006BBA36 /* Quick.framework */; };
		FA6DA7111BC8E05D006BBA36 /* Nimble.framework in Frameworks */ = {isa = PBXBuildFile; fileRef = FA6DA7101BC8E05D006BBA36 /* Nimble.framework */; };
		FA6DA7131BC8E06F006BBA36 /* Quick.framework in CopyFiles */ = {isa = PBXBuildFile; fileRef = FA6DA70E1BC8E05B006BBA36 /* Quick.framework */; settings = {ATTRIBUTES = (CodeSignOnCopy, RemoveHeadersOnCopy, ); }; };
		FA6DA7141BC8E073006BBA36 /* Nimble.framework in CopyFiles */ = {isa = PBXBuildFile; fileRef = FA6DA7101BC8E05D006BBA36 /* Nimble.framework */; settings = {ATTRIBUTES = (CodeSignOnCopy, RemoveHeadersOnCopy, ); }; };
		FA6DA7161BC8E087006BBA36 /* GeoDeltaSpec.swift in Sources */ = {isa = PBXBuildFile; fileRef = FA6DA7151BC8E087006BBA36 /* GeoDeltaSpec.swift */; settings = {ASSET_TAGS = (); }; };
/* End PBXBuildFile section */

/* Begin PBXContainerItemProxy section */
		FA6DA7001BC8DE5E006BBA36 /* PBXContainerItemProxy */ = {
			isa = PBXContainerItemProxy;
			containerPortal = FA6DA6EB1BC8DE5E006BBA36 /* Project object */;
			proxyType = 1;
			remoteGlobalIDString = FA6DA6F31BC8DE5E006BBA36;
			remoteInfo = GeoDelta;
		};
/* End PBXContainerItemProxy section */

/* Begin PBXCopyFilesBuildPhase section */
		FA6DA7121BC8E063006BBA36 /* CopyFiles */ = {
			isa = PBXCopyFilesBuildPhase;
			buildActionMask = 2147483647;
			dstPath = "";
			dstSubfolderSpec = 10;
			files = (
				FA6DA7141BC8E073006BBA36 /* Nimble.framework in CopyFiles */,
				FA6DA7131BC8E06F006BBA36 /* Quick.framework in CopyFiles */,
			);
			runOnlyForDeploymentPostprocessing = 0;
		};
/* End PBXCopyFilesBuildPhase section */

/* Begin PBXFileReference section */
		FA6DA6F41BC8DE5E006BBA36 /* GeoDelta.framework */ = {isa = PBXFileReference; explicitFileType = wrapper.framework; includeInIndex = 0; path = GeoDelta.framework; sourceTree = BUILT_PRODUCTS_DIR; };
		FA6DA6F71BC8DE5E006BBA36 /* GeoDelta.h */ = {isa = PBXFileReference; lastKnownFileType = sourcecode.c.h; path = GeoDelta.h; sourceTree = "<group>"; };
		FA6DA6F91BC8DE5E006BBA36 /* Info.plist */ = {isa = PBXFileReference; lastKnownFileType = text.plist.xml; path = Info.plist; sourceTree = "<group>"; };
		FA6DA6FE1BC8DE5E006BBA36 /* GeoDeltaTests.xctest */ = {isa = PBXFileReference; explicitFileType = wrapper.cfbundle; includeInIndex = 0; path = GeoDeltaTests.xctest; sourceTree = BUILT_PRODUCTS_DIR; };
		FA6DA7031BC8DE5E006BBA36 /* GeoDeltaTests.swift */ = {isa = PBXFileReference; lastKnownFileType = sourcecode.swift; path = GeoDeltaTests.swift; sourceTree = "<group>"; };
		FA6DA7051BC8DE5E006BBA36 /* Info.plist */ = {isa = PBXFileReference; lastKnownFileType = text.plist.xml; path = Info.plist; sourceTree = "<group>"; };
		FA6DA70E1BC8E05B006BBA36 /* Quick.framework */ = {isa = PBXFileReference; lastKnownFileType = wrapper.framework; name = Quick.framework; path = Carthage/Build/iOS/Quick.framework; sourceTree = "<group>"; };
		FA6DA7101BC8E05D006BBA36 /* Nimble.framework */ = {isa = PBXFileReference; lastKnownFileType = wrapper.framework; name = Nimble.framework; path = Carthage/Build/iOS/Nimble.framework; sourceTree = "<group>"; };
		FA6DA7151BC8E087006BBA36 /* GeoDeltaSpec.swift */ = {isa = PBXFileReference; fileEncoding = 4; lastKnownFileType = sourcecode.swift; path = GeoDeltaSpec.swift; sourceTree = "<group>"; };
/* End PBXFileReference section */

/* Begin PBXFrameworksBuildPhase section */
		FA6DA6F01BC8DE5E006BBA36 /* Frameworks */ = {
			isa = PBXFrameworksBuildPhase;
			buildActionMask = 2147483647;
			files = (
			);
			runOnlyForDeploymentPostprocessing = 0;
		};
		FA6DA6FB1BC8DE5E006BBA36 /* Frameworks */ = {
			isa = PBXFrameworksBuildPhase;
			buildActionMask = 2147483647;
			files = (
				FA6DA6FF1BC8DE5E006BBA36 /* GeoDelta.framework in Frameworks */,
				FA6DA70F1BC8E05B006BBA36 /* Quick.framework in Frameworks */,
				FA6DA7111BC8E05D006BBA36 /* Nimble.framework in Frameworks */,
			);
			runOnlyForDeploymentPostprocessing = 0;
		};
/* End PBXFrameworksBuildPhase section */

/* Begin PBXGroup section */
		FA6DA6EA1BC8DE5E006BBA36 = {
			isa = PBXGroup;
			children = (
				FA6DA7101BC8E05D006BBA36 /* Nimble.framework */,
				FA6DA70E1BC8E05B006BBA36 /* Quick.framework */,
				FA6DA6F61BC8DE5E006BBA36 /* GeoDelta */,
				FA6DA7021BC8DE5E006BBA36 /* GeoDeltaTests */,
				FA6DA6F51BC8DE5E006BBA36 /* Products */,
			);
			sourceTree = "<group>";
		};
		FA6DA6F51BC8DE5E006BBA36 /* Products */ = {
			isa = PBXGroup;
			children = (
				FA6DA6F41BC8DE5E006BBA36 /* GeoDelta.framework */,
				FA6DA6FE1BC8DE5E006BBA36 /* GeoDeltaTests.xctest */,
			);
			name = Products;
			sourceTree = "<group>";
		};
		FA6DA6F61BC8DE5E006BBA36 /* GeoDelta */ = {
			isa = PBXGroup;
			children = (
				FA6DA6F71BC8DE5E006BBA36 /* GeoDelta.h */,
				FA6DA6F91BC8DE5E006BBA36 /* Info.plist */,
			);
			path = GeoDelta;
			sourceTree = "<group>";
		};
		FA6DA7021BC8DE5E006BBA36 /* GeoDeltaTests */ = {
			isa = PBXGroup;
			children = (
				FA6DA7031BC8DE5E006BBA36 /* GeoDeltaTests.swift */,
				FA6DA7051BC8DE5E006BBA36 /* Info.plist */,
				FA6DA7151BC8E087006BBA36 /* GeoDeltaSpec.swift */,
			);
			path = GeoDeltaTests;
			sourceTree = "<group>";
		};
/* End PBXGroup section */

/* Begin PBXHeadersBuildPhase section */
		FA6DA6F11BC8DE5E006BBA36 /* Headers */ = {
			isa = PBXHeadersBuildPhase;
			buildActionMask = 2147483647;
			files = (
				FA6DA6F81BC8DE5E006BBA36 /* GeoDelta.h in Headers */,
			);
			runOnlyForDeploymentPostprocessing = 0;
		};
/* End PBXHeadersBuildPhase section */

/* Begin PBXNativeTarget section */
		FA6DA6F31BC8DE5E006BBA36 /* GeoDelta */ = {
			isa = PBXNativeTarget;
			buildConfigurationList = FA6DA7081BC8DE5E006BBA36 /* Build configuration list for PBXNativeTarget "GeoDelta" */;
			buildPhases = (
				FA6DA6EF1BC8DE5E006BBA36 /* Sources */,
				FA6DA6F01BC8DE5E006BBA36 /* Frameworks */,
				FA6DA6F11BC8DE5E006BBA36 /* Headers */,
				FA6DA6F21BC8DE5E006BBA36 /* Resources */,
			);
			buildRules = (
			);
			dependencies = (
			);
			name = GeoDelta;
			productName = GeoDelta;
			productReference = FA6DA6F41BC8DE5E006BBA36 /* GeoDelta.framework */;
			productType = "com.apple.product-type.framework";
		};
		FA6DA6FD1BC8DE5E006BBA36 /* GeoDeltaTests */ = {
			isa = PBXNativeTarget;
			buildConfigurationList = FA6DA70B1BC8DE5E006BBA36 /* Build configuration list for PBXNativeTarget "GeoDeltaTests" */;
			buildPhases = (
				FA6DA6FA1BC8DE5E006BBA36 /* Sources */,
				FA6DA6FB1BC8DE5E006BBA36 /* Frameworks */,
				FA6DA6FC1BC8DE5E006BBA36 /* Resources */,
				FA6DA7121BC8E063006BBA36 /* CopyFiles */,
			);
			buildRules = (
			);
			dependencies = (
				FA6DA7011BC8DE5E006BBA36 /* PBXTargetDependency */,
			);
			name = GeoDeltaTests;
			productName = GeoDeltaTests;
			productReference = FA6DA6FE1BC8DE5E006BBA36 /* GeoDeltaTests.xctest */;
			productType = "com.apple.product-type.bundle.unit-test";
		};
/* End PBXNativeTarget section */

/* Begin PBXProject section */
		FA6DA6EB1BC8DE5E006BBA36 /* Project object */ = {
			isa = PBXProject;
			attributes = {
				LastUpgradeCheck = 0700;
				ORGANIZATIONNAME = "Nayutaya Inc.";
				TargetAttributes = {
					FA6DA6F31BC8DE5E006BBA36 = {
						CreatedOnToolsVersion = 7.0.1;
					};
					FA6DA6FD1BC8DE5E006BBA36 = {
						CreatedOnToolsVersion = 7.0.1;
					};
				};
			};
			buildConfigurationList = FA6DA6EE1BC8DE5E006BBA36 /* Build configuration list for PBXProject "GeoDelta" */;
			compatibilityVersion = "Xcode 3.2";
			developmentRegion = English;
			hasScannedForEncodings = 0;
			knownRegions = (
				en,
			);
			mainGroup = FA6DA6EA1BC8DE5E006BBA36;
			productRefGroup = FA6DA6F51BC8DE5E006BBA36 /* Products */;
			projectDirPath = "";
			projectRoot = "";
			targets = (
				FA6DA6F31BC8DE5E006BBA36 /* GeoDelta */,
				FA6DA6FD1BC8DE5E006BBA36 /* GeoDeltaTests */,
			);
		};
/* End PBXProject section */

/* Begin PBXResourcesBuildPhase section */
		FA6DA6F21BC8DE5E006BBA36 /* Resources */ = {
			isa = PBXResourcesBuildPhase;
			buildActionMask = 2147483647;
			files = (
			);
			runOnlyForDeploymentPostprocessing = 0;
		};
		FA6DA6FC1BC8DE5E006BBA36 /* Resources */ = {
			isa = PBXResourcesBuildPhase;
			buildActionMask = 2147483647;
			files = (
			);
			runOnlyForDeploymentPostprocessing = 0;
		};
/* End PBXResourcesBuildPhase section */

/* Begin PBXSourcesBuildPhase section */
		FA6DA6EF1BC8DE5E006BBA36 /* Sources */ = {
			isa = PBXSourcesBuildPhase;
			buildActionMask = 2147483647;
			files = (
			);
			runOnlyForDeploymentPostprocessing = 0;
		};
		FA6DA6FA1BC8DE5E006BBA36 /* Sources */ = {
			isa = PBXSourcesBuildPhase;
			buildActionMask = 2147483647;
			files = (
				FA6DA7041BC8DE5E006BBA36 /* GeoDeltaTests.swift in Sources */,
				FA6DA7161BC8E087006BBA36 /* GeoDeltaSpec.swift in Sources */,
			);
			runOnlyForDeploymentPostprocessing = 0;
		};
/* End PBXSourcesBuildPhase section */

/* Begin PBXTargetDependency section */
		FA6DA7011BC8DE5E006BBA36 /* PBXTargetDependency */ = {
			isa = PBXTargetDependency;
			target = FA6DA6F31BC8DE5E006BBA36 /* GeoDelta */;
			targetProxy = FA6DA7001BC8DE5E006BBA36 /* PBXContainerItemProxy */;
		};
/* End PBXTargetDependency section */

/* Begin XCBuildConfiguration section */
		FA6DA7061BC8DE5E006BBA36 /* Debug */ = {
			isa = XCBuildConfiguration;
			buildSettings = {
				ALWAYS_SEARCH_USER_PATHS = NO;
				CLANG_CXX_LANGUAGE_STANDARD = "gnu++0x";
				CLANG_CXX_LIBRARY = "libc++";
				CLANG_ENABLE_MODULES = YES;
				CLANG_ENABLE_OBJC_ARC = YES;
				CLANG_WARN_BOOL_CONVERSION = YES;
				CLANG_WARN_CONSTANT_CONVERSION = YES;
				CLANG_WARN_DIRECT_OBJC_ISA_USAGE = YES_ERROR;
				CLANG_WARN_EMPTY_BODY = YES;
				CLANG_WARN_ENUM_CONVERSION = YES;
				CLANG_WARN_INT_CONVERSION = YES;
				CLANG_WARN_OBJC_ROOT_CLASS = YES_ERROR;
				CLANG_WARN_UNREACHABLE_CODE = YES;
				CLANG_WARN__DUPLICATE_METHOD_MATCH = YES;
				"CODE_SIGN_IDENTITY[sdk=iphoneos*]" = "iPhone Developer";
				COPY_PHASE_STRIP = NO;
				CURRENT_PROJECT_VERSION = 1;
				DEBUG_INFORMATION_FORMAT = dwarf;
				ENABLE_STRICT_OBJC_MSGSEND = YES;
				ENABLE_TESTABILITY = YES;
				GCC_C_LANGUAGE_STANDARD = gnu99;
				GCC_DYNAMIC_NO_PIC = NO;
				GCC_NO_COMMON_BLOCKS = YES;
				GCC_OPTIMIZATION_LEVEL = 0;
				GCC_PREPROCESSOR_DEFINITIONS = (
					"DEBUG=1",
					"$(inherited)",
				);
				GCC_WARN_64_TO_32_BIT_CONVERSION = YES;
				GCC_WARN_ABOUT_RETURN_TYPE = YES_ERROR;
				GCC_WARN_UNDECLARED_SELECTOR = YES;
				GCC_WARN_UNINITIALIZED_AUTOS = YES_AGGRESSIVE;
				GCC_WARN_UNUSED_FUNCTION = YES;
				GCC_WARN_UNUSED_VARIABLE = YES;
				IPHONEOS_DEPLOYMENT_TARGET = 9.0;
				MTL_ENABLE_DEBUG_INFO = YES;
				ONLY_ACTIVE_ARCH = YES;
				SDKROOT = iphoneos;
				SWIFT_OPTIMIZATION_LEVEL = "-Onone";
				TARGETED_DEVICE_FAMILY = "1,2";
				VERSIONING_SYSTEM = "apple-generic";
				VERSION_INFO_PREFIX = "";
			};
			name = Debug;
		};
		FA6DA7071BC8DE5E006BBA36 /* Release */ = {
			isa = XCBuildConfiguration;
			buildSettings = {
				ALWAYS_SEARCH_USER_PATHS = NO;
				CLANG_CXX_LANGUAGE_STANDARD = "gnu++0x";
				CLANG_CXX_LIBRARY = "libc++";
				CLANG_ENABLE_MODULES = YES;
				CLANG_ENABLE_OBJC_ARC = YES;
				CLANG_WARN_BOOL_CONVERSION = YES;
				CLANG_WARN_CONSTANT_CONVERSION = YES;
				CLANG_WARN_DIRECT_OBJC_ISA_USAGE = YES_ERROR;
				CLANG_WARN_EMPTY_BODY = YES;
				CLANG_WARN_ENUM_CONVERSION = YES;
				CLANG_WARN_INT_CONVERSION = YES;
				CLANG_WARN_OBJC_ROOT_CLASS = YES_ERROR;
				CLANG_WARN_UNREACHABLE_CODE = YES;
				CLANG_WARN__DUPLICATE_METHOD_MATCH = YES;
				"CODE_SIGN_IDENTITY[sdk=iphoneos*]" = "iPhone Developer";
				COPY_PHASE_STRIP = NO;
				CURRENT_PROJECT_VERSION = 1;
				DEBUG_INFORMATION_FORMAT = "dwarf-with-dsym";
				ENABLE_NS_ASSERTIONS = NO;
				ENABLE_STRICT_OBJC_MSGSEND = YES;
				GCC_C_LANGUAGE_STANDARD = gnu99;
				GCC_NO_COMMON_BLOCKS = YES;
				GCC_WARN_64_TO_32_BIT_CONVERSION = YES;
				GCC_WARN_ABOUT_RETURN_TYPE = YES_ERROR;
				GCC_WARN_UNDECLARED_SELECTOR = YES;
				GCC_WARN_UNINITIALIZED_AUTOS = YES_AGGRESSIVE;
				GCC_WARN_UNUSED_FUNCTION = YES;
				GCC_WARN_UNUSED_VARIABLE = YES;
				IPHONEOS_DEPLOYMENT_TARGET = 9.0;
				MTL_ENABLE_DEBUG_INFO = NO;
				SDKROOT = iphoneos;
				TARGETED_DEVICE_FAMILY = "1,2";
				VALIDATE_PRODUCT = YES;
				VERSIONING_SYSTEM = "apple-generic";
				VERSION_INFO_PREFIX = "";
			};
			name = Release;
		};
		FA6DA7091BC8DE5E006BBA36 /* Debug */ = {
			isa = XCBuildConfiguration;
			buildSettings = {
				DEFINES_MODULE = YES;
				DYLIB_COMPATIBILITY_VERSION = 1;
				DYLIB_CURRENT_VERSION = 1;
				DYLIB_INSTALL_NAME_BASE = "@rpath";
				INFOPLIST_FILE = GeoDelta/Info.plist;
				INSTALL_PATH = "$(LOCAL_LIBRARY_DIR)/Frameworks";
				LD_RUNPATH_SEARCH_PATHS = "$(inherited) @executable_path/Frameworks @loader_path/Frameworks";
				PRODUCT_BUNDLE_IDENTIFIER = jp.co.nayutaya.GeoDelta;
				PRODUCT_NAME = "$(TARGET_NAME)";
				SKIP_INSTALL = YES;
			};
			name = Debug;
		};
		FA6DA70A1BC8DE5E006BBA36 /* Release */ = {
			isa = XCBuildConfiguration;
			buildSettings = {
				DEFINES_MODULE = YES;
				DYLIB_COMPATIBILITY_VERSION = 1;
				DYLIB_CURRENT_VERSION = 1;
				DYLIB_INSTALL_NAME_BASE = "@rpath";
				INFOPLIST_FILE = GeoDelta/Info.plist;
				INSTALL_PATH = "$(LOCAL_LIBRARY_DIR)/Frameworks";
				LD_RUNPATH_SEARCH_PATHS = "$(inherited) @executable_path/Frameworks @loader_path/Frameworks";
				PRODUCT_BUNDLE_IDENTIFIER = jp.co.nayutaya.GeoDelta;
				PRODUCT_NAME = "$(TARGET_NAME)";
				SKIP_INSTALL = YES;
			};
			name = Release;
		};
		FA6DA70C1BC8DE5E006BBA36 /* Debug */ = {
			isa = XCBuildConfiguration;
			buildSettings = {
				FRAMEWORK_SEARCH_PATHS = (
					"$(inherited)",
					"$(PROJECT_DIR)/Carthage/Build/iOS",
				);
				INFOPLIST_FILE = GeoDeltaTests/Info.plist;
				LD_RUNPATH_SEARCH_PATHS = "$(inherited) @executable_path/Frameworks @loader_path/Frameworks";
				PRODUCT_BUNDLE_IDENTIFIER = jp.co.nayutaya.GeoDeltaTests;
				PRODUCT_NAME = "$(TARGET_NAME)";
			};
			name = Debug;
		};
		FA6DA70D1BC8DE5E006BBA36 /* Release */ = {
			isa = XCBuildConfiguration;
			buildSettings = {
				FRAMEWORK_SEARCH_PATHS = (
					"$(inherited)",
					"$(PROJECT_DIR)/Carthage/Build/iOS",
				);
				INFOPLIST_FILE = GeoDeltaTests/Info.plist;
				LD_RUNPATH_SEARCH_PATHS = "$(inherited) @executable_path/Frameworks @loader_path/Frameworks";
				PRODUCT_BUNDLE_IDENTIFIER = jp.co.nayutaya.GeoDeltaTests;
				PRODUCT_NAME = "$(TARGET_NAME)";
			};
			name = Release;
		};
/* End XCBuildConfiguration section */

/* Begin XCConfigurationList section */
		FA6DA6EE1BC8DE5E006BBA36 /* Build configuration list for PBXProject "GeoDelta" */ = {
			isa = XCConfigurationList;
			buildConfigurations = (
				FA6DA7061BC8DE5E006BBA36 /* Debug */,
				FA6DA7071BC8DE5E006BBA36 /* Release */,
			);
			defaultConfigurationIsVisible = 0;
			defaultConfigurationName = Release;
		};
		FA6DA7081BC8DE5E006BBA36 /* Build configuration list for PBXNativeTarget "GeoDelta" */ = {
			isa = XCConfigurationList;
			buildConfigurations = (
				FA6DA7091BC8DE5E006BBA36 /* Debug */,
				FA6DA70A1BC8DE5E006BBA36 /* Release */,
			);
			defaultConfigurationIsVisible = 0;
			defaultConfigurationName = Release;
		};
		FA6DA70B1BC8DE5E006BBA36 /* Build configuration list for PBXNativeTarget "GeoDeltaTests" */ = {
			isa = XCConfigurationList;
			buildConfigurations = (
				FA6DA70C1BC8DE5E006BBA36 /* Debug */,
				FA6DA70D1BC8DE5E006BBA36 /* Release */,
			);
			defaultConfigurationIsVisible = 0;
			defaultConfigurationName = Release;
		};
/* End XCConfigurationList section */
	};
	rootObject = FA6DA6EB1BC8DE5E006BBA36 /* Project object */;
}
